// !$*UTF8*$!
{
	archiveVersion = 1;
	classes = {
	};
	objectVersion = 46;
	objects = {

/* Begin PBXBuildFile section */
		CD3228141CD7148B003888FE /* main.m in Sources */ = {isa = PBXBuildFile; fileRef = CD3228131CD7148B003888FE /* main.m */; };
		CD3228171CD7148B003888FE /* AppDelegate.m in Sources */ = {isa = PBXBuildFile; fileRef = CD3228161CD7148B003888FE /* AppDelegate.m */; };
		CD32281A1CD7148B003888FE /* ViewController.m in Sources */ = {isa = PBXBuildFile; fileRef = CD3228191CD7148B003888FE /* ViewController.m */; };
		CD32281D1CD7148B003888FE /* Main.storyboard in Resources */ = {isa = PBXBuildFile; fileRef = CD32281B1CD7148B003888FE /* Main.storyboard */; };
		CD32281F1CD7148B003888FE /* Assets.xcassets in Resources */ = {isa = PBXBuildFile; fileRef = CD32281E1CD7148B003888FE /* Assets.xcassets */; };
		CD3228221CD7148B003888FE /* LaunchScreen.storyboard in Resources */ = {isa = PBXBuildFile; fileRef = CD3228201CD7148B003888FE /* LaunchScreen.storyboard */; };
		CD32282D1CD7148B003888FE /* ____Tests.m in Sources */ = {isa = PBXBuildFile; fileRef = CD32282C1CD7148B003888FE /* ____Tests.m */; };
		CD3228381CD7148B003888FE /* ____UITests.m in Sources */ = {isa = PBXBuildFile; fileRef = CD3228371CD7148B003888FE /* ____UITests.m */; };
		CD3228651CD714C9003888FE /* TYAlertController+BlurEffects.m in Sources */ = {isa = PBXBuildFile; fileRef = CD3228491CD714C9003888FE /* TYAlertController+BlurEffects.m */; };
		CD3228661CD714C9003888FE /* UIImage+ImageEffects.m in Sources */ = {isa = PBXBuildFile; fileRef = CD32284B1CD714C9003888FE /* UIImage+ImageEffects.m */; };
		CD3228671CD714C9003888FE /* TYAlertController+TransitionAnimate.m in Sources */ = {isa = PBXBuildFile; fileRef = CD32284D1CD714C9003888FE /* TYAlertController+TransitionAnimate.m */; };
		CD3228681CD714C9003888FE /* TYAlertController.m in Sources */ = {isa = PBXBuildFile; fileRef = CD32284F1CD714C9003888FE /* TYAlertController.m */; };
		CD3228691CD714C9003888FE /* TYAlertDropDownAnimation.m in Sources */ = {isa = PBXBuildFile; fileRef = CD3228511CD714C9003888FE /* TYAlertDropDownAnimation.m */; };
		CD32286A1CD714C9003888FE /* TYAlertFadeAnimation.m in Sources */ = {isa = PBXBuildFile; fileRef = CD3228531CD714C9003888FE /* TYAlertFadeAnimation.m */; };
		CD32286B1CD714C9003888FE /* TYAlertScaleFadeAnimation.m in Sources */ = {isa = PBXBuildFile; fileRef = CD3228551CD714C9003888FE /* TYAlertScaleFadeAnimation.m */; };
		CD32286C1CD714C9003888FE /* TYAlertView.m in Sources */ = {isa = PBXBuildFile; fileRef = CD3228571CD714C9003888FE /* TYAlertView.m */; };
		CD32286D1CD714C9003888FE /* TYBaseAnimation.m in Sources */ = {isa = PBXBuildFile; fileRef = CD3228591CD714C9003888FE /* TYBaseAnimation.m */; };
		CD32286E1CD714C9003888FE /* TYShowAlertView.m in Sources */ = {isa = PBXBuildFile; fileRef = CD32285B1CD714C9003888FE /* TYShowAlertView.m */; };
		CD32286F1CD714C9003888FE /* UIView+TYAlertView.m in Sources */ = {isa = PBXBuildFile; fileRef = CD32285D1CD714C9003888FE /* UIView+TYAlertView.m */; };
		CD3228701CD714C9003888FE /* UIView+TYAutoLayout.m in Sources */ = {isa = PBXBuildFile; fileRef = CD32285F1CD714C9003888FE /* UIView+TYAutoLayout.m */; };
		CD3228711CD714C9003888FE /* ImageTextAttachment.m in Sources */ = {isa = PBXBuildFile; fileRef = CD3228621CD714C9003888FE /* ImageTextAttachment.m */; };
		CD3228721CD714C9003888FE /* NSAttributedString+RichText.m in Sources */ = {isa = PBXBuildFile; fileRef = CD3228641CD714C9003888FE /* NSAttributedString+RichText.m */; };
		CD3228751CD71557003888FE /* PublickViewController.m in Sources */ = {isa = PBXBuildFile; fileRef = CD3228741CD71557003888FE /* PublickViewController.m */; };
		CD3228781CD715B6003888FE /* UIImage+SLImage.m in Sources */ = {isa = PBXBuildFile; fileRef = CD3228771CD715B6003888FE /* UIImage+SLImage.m */; };
		CD32287B1CD715D3003888FE /* PlaceholderTextView.m in Sources */ = {isa = PBXBuildFile; fileRef = CD32287A1CD715D3003888FE /* PlaceholderTextView.m */; };
/* End PBXBuildFile section */

/* Begin PBXContainerItemProxy section */
		CD3228291CD7148B003888FE /* PBXContainerItemProxy */ = {
			isa = PBXContainerItemProxy;
			containerPortal = CD3228071CD7148B003888FE /* Project object */;
			proxyType = 1;
			remoteGlobalIDString = CD32280E1CD7148B003888FE;
			remoteInfo = "编辑文章";
		};
		CD3228341CD7148B003888FE /* PBXContainerItemProxy */ = {
			isa = PBXContainerItemProxy;
			containerPortal = CD3228071CD7148B003888FE /* Project object */;
			proxyType = 1;
			remoteGlobalIDString = CD32280E1CD7148B003888FE;
			remoteInfo = "编辑文章";
		};
/* End PBXContainerItemProxy section */

/* Begin PBXFileReference section */
		CD32280F1CD7148B003888FE /* 编辑文章.app */ = {isa = PBXFileReference; explicitFileType = wrapper.application; includeInIndex = 0; path = "编辑文章.app"; sourceTree = BUILT_PRODUCTS_DIR; };
		CD3228131CD7148B003888FE /* main.m */ = {isa = PBXFileReference; lastKnownFileType = sourcecode.c.objc; path = main.m; sourceTree = "<group>"; };
		CD3228151CD7148B003888FE /* AppDelegate.h */ = {isa = PBXFileReference; lastKnownFileType = sourcecode.c.h; path = AppDelegate.h; sourceTree = "<group>"; };
		CD3228161CD7148B003888FE /* AppDelegate.m */ = {isa = PBXFileReference; lastKnownFileType = sourcecode.c.objc; path = AppDelegate.m; sourceTree = "<group>"; };
		CD3228181CD7148B003888FE /* ViewController.h */ = {isa = PBXFileReference; lastKnownFileType = sourcecode.c.h; path = ViewController.h; sourceTree = "<group>"; };
		CD3228191CD7148B003888FE /* ViewController.m */ = {isa = PBXFileReference; lastKnownFileType = sourcecode.c.objc; path = ViewController.m; sourceTree = "<group>"; };
		CD32281C1CD7148B003888FE /* Base */ = {isa = PBXFileReference; lastKnownFileType = file.storyboard; name = Base; path = Base.lproj/Main.storyboard; sourceTree = "<group>"; };
		CD32281E1CD7148B003888FE /* Assets.xcassets */ = {isa = PBXFileReference; lastKnownFileType = folder.assetcatalog; path = Assets.xcassets; sourceTree = "<group>"; };
		CD3228211CD7148B003888FE /* Base */ = {isa = PBXFileReference; lastKnownFileType = file.storyboard; name = Base; path = Base.lproj/LaunchScreen.storyboard; sourceTree = "<group>"; };
		CD3228231CD7148B003888FE /* Info.plist */ = {isa = PBXFileReference; lastKnownFileType = text.plist.xml; path = Info.plist; sourceTree = "<group>"; };
		CD3228281CD7148B003888FE /* 编辑文章Tests.xctest */ = {isa = PBXFileReference; explicitFileType = wrapper.cfbundle; includeInIndex = 0; path = "编辑文章Tests.xctest"; sourceTree = BUILT_PRODUCTS_DIR; };
		CD32282C1CD7148B003888FE /* ____Tests.m */ = {isa = PBXFileReference; lastKnownFileType = sourcecode.c.objc; path = "____Tests.m"; sourceTree = "<group>"; };
		CD32282E1CD7148B003888FE /* Info.plist */ = {isa = PBXFileReference; lastKnownFileType = text.plist.xml; path = Info.plist; sourceTree = "<group>"; };
		CD3228331CD7148B003888FE /* 编辑文章UITests.xctest */ = {isa = PBXFileReference; explicitFileType = wrapper.cfbundle; includeInIndex = 0; path = "编辑文章UITests.xctest"; sourceTree = BUILT_PRODUCTS_DIR; };
		CD3228371CD7148B003888FE /* ____UITests.m */ = {isa = PBXFileReference; lastKnownFileType = sourcecode.c.objc; path = "____UITests.m"; sourceTree = "<group>"; };
		CD3228391CD7148B003888FE /* Info.plist */ = {isa = PBXFileReference; lastKnownFileType = text.plist.xml; path = Info.plist; sourceTree = "<group>"; };
		CD3228481CD714C9003888FE /* TYAlertController+BlurEffects.h */ = {isa = PBXFileReference; fileEncoding = 4; lastKnownFileType = sourcecode.c.h; path = "TYAlertController+BlurEffects.h"; sourceTree = "<group>"; };
		CD3228491CD714C9003888FE /* TYAlertController+BlurEffects.m */ = {isa = PBXFileReference; fileEncoding = 4; lastKnownFileType = sourcecode.c.objc; path = "TYAlertController+BlurEffects.m"; sourceTree = "<group>"; };
		CD32284A1CD714C9003888FE /* UIImage+ImageEffects.h */ = {isa = PBXFileReference; fileEncoding = 4; lastKnownFileType = sourcecode.c.h; path = "UIImage+ImageEffects.h"; sourceTree = "<group>"; };
		CD32284B1CD714C9003888FE /* UIImage+ImageEffects.m */ = {isa = PBXFileReference; fileEncoding = 4; lastKnownFileType = sourcecode.c.objc; path = "UIImage+ImageEffects.m"; sourceTree = "<group>"; };
		CD32284D1CD714C9003888FE /* TYAlertController+TransitionAnimate.m */ = {isa = PBXFileReference; fileEncoding = 4; lastKnownFileType = sourcecode.c.objc; path = "TYAlertController+TransitionAnimate.m"; sourceTree = "<group>"; };
		CD32284E1CD714C9003888FE /* TYAlertController.h */ = {isa = PBXFileReference; fileEncoding = 4; lastKnownFileType = sourcecode.c.h; path = TYAlertController.h; sourceTree = "<group>"; };
		CD32284F1CD714C9003888FE /* TYAlertController.m */ = {isa = PBXFileReference; fileEncoding = 4; lastKnownFileType = sourcecode.c.objc; path = TYAlertController.m; sourceTree = "<group>"; };
		CD3228501CD714C9003888FE /* TYAlertDropDownAnimation.h */ = {isa = PBXFileReference; fileEncoding = 4; lastKnownFileType = sourcecode.c.h; path = TYAlertDropDownAnimation.h; sourceTree = "<group>"; };
		CD3228511CD714C9003888FE /* TYAlertDropDownAnimation.m */ = {isa = PBXFileReference; fileEncoding = 4; lastKnownFileType = sourcecode.c.objc; path = TYAlertDropDownAnimation.m; sourceTree = "<group>"; };
		CD3228521CD714C9003888FE /* TYAlertFadeAnimation.h */ = {isa = PBXFileReference; fileEncoding = 4; lastKnownFileType = sourcecode.c.h; path = TYAlertFadeAnimation.h; sourceTree = "<group>"; };
		CD3228531CD714C9003888FE /* TYAlertFadeAnimation.m */ = {isa = PBXFileReference; fileEncoding = 4; lastKnownFileType = sourcecode.c.objc; path = TYAlertFadeAnimation.m; sourceTree = "<group>"; };
		CD3228541CD714C9003888FE /* TYAlertScaleFadeAnimation.h */ = {isa = PBXFileReference; fileEncoding = 4; lastKnownFileType = sourcecode.c.h; path = TYAlertScaleFadeAnimation.h; sourceTree = "<group>"; };
		CD3228551CD714C9003888FE /* TYAlertScaleFadeAnimation.m */ = {isa = PBXFileReference; fileEncoding = 4; lastKnownFileType = sourcecode.c.objc; path = TYAlertScaleFadeAnimation.m; sourceTree = "<group>"; };
		CD3228561CD714C9003888FE /* TYAlertView.h */ = {isa = PBXFileReference; fileEncoding = 4; lastKnownFileType = sourcecode.c.h; path = TYAlertView.h; sourceTree = "<group>"; };
		CD3228571CD714C9003888FE /* TYAlertView.m */ = {isa = PBXFileReference; fileEncoding = 4; lastKnownFileType = sourcecode.c.objc; path = TYAlertView.m; sourceTree = "<group>"; };
		CD3228581CD714C9003888FE /* TYBaseAnimation.h */ = {isa = PBXFileReference; fileEncoding = 4; lastKnownFileType = sourcecode.c.h; path = TYBaseAnimation.h; sourceTree = "<group>"; };
		CD3228591CD714C9003888FE /* TYBaseAnimation.m */ = {isa = PBXFileReference; fileEncoding = 4; lastKnownFileType = sourcecode.c.objc; path = TYBaseAnimation.m; sourceTree = "<group>"; };
		CD32285A1CD714C9003888FE /* TYShowAlertView.h */ = {isa = PBXFileReference; fileEncoding = 4; lastKnownFileType = sourcecode.c.h; path = TYShowAlertView.h; sourceTree = "<group>"; };
		CD32285B1CD714C9003888FE /* TYShowAlertView.m */ = {isa = PBXFileReference; fileEncoding = 4; lastKnownFileType = sourcecode.c.objc; path = TYShowAlertView.m; sourceTree = "<group>"; };
		CD32285C1CD714C9003888FE /* UIView+TYAlertView.h */ = {isa = PBXFileReference; fileEncoding = 4; lastKnownFileType = sourcecode.c.h; path = "UIView+TYAlertView.h"; sourceTree = "<group>"; };
		CD32285D1CD714C9003888FE /* UIView+TYAlertView.m */ = {isa = PBXFileReference; fileEncoding = 4; lastKnownFileType = sourcecode.c.objc; path = "UIView+TYAlertView.m"; sourceTree = "<group>"; };
		CD32285E1CD714C9003888FE /* UIView+TYAutoLayout.h */ = {isa = PBXFileReference; fileEncoding = 4; lastKnownFileType = sourcecode.c.h; path = "UIView+TYAutoLayout.h"; sourceTree = "<group>"; };
		CD32285F1CD714C9003888FE /* UIView+TYAutoLayout.m */ = {isa = PBXFileReference; fileEncoding = 4; lastKnownFileType = sourcecode.c.objc; path = "UIView+TYAutoLayout.m"; sourceTree = "<group>"; };
		CD3228611CD714C9003888FE /* ImageTextAttachment.h */ = {isa = PBXFileReference; fileEncoding = 4; lastKnownFileType = sourcecode.c.h; path = ImageTextAttachment.h; sourceTree = "<group>"; };
		CD3228621CD714C9003888FE /* ImageTextAttachment.m */ = {isa = PBXFileReference; fileEncoding = 4; lastKnownFileType = sourcecode.c.objc; path = ImageTextAttachment.m; sourceTree = "<group>"; };
		CD3228631CD714C9003888FE /* NSAttributedString+RichText.h */ = {isa = PBXFileReference; fileEncoding = 4; lastKnownFileType = sourcecode.c.h; path = "NSAttributedString+RichText.h"; sourceTree = "<group>"; };
		CD3228641CD714C9003888FE /* NSAttributedString+RichText.m */ = {isa = PBXFileReference; fileEncoding = 4; lastKnownFileType = sourcecode.c.objc; path = "NSAttributedString+RichText.m"; sourceTree = "<group>"; };
		CD3228731CD71557003888FE /* PublickViewController.h */ = {isa = PBXFileReference; fileEncoding = 4; lastKnownFileType = sourcecode.c.h; path = PublickViewController.h; sourceTree = "<group>"; };
		CD3228741CD71557003888FE /* PublickViewController.m */ = {isa = PBXFileReference; fileEncoding = 4; lastKnownFileType = sourcecode.c.objc; path = PublickViewController.m; sourceTree = "<group>"; };
		CD3228761CD715B6003888FE /* UIImage+SLImage.h */ = {isa = PBXFileReference; fileEncoding = 4; lastKnownFileType = sourcecode.c.h; path = "UIImage+SLImage.h"; sourceTree = "<group>"; };
		CD3228771CD715B6003888FE /* UIImage+SLImage.m */ = {isa = PBXFileReference; fileEncoding = 4; lastKnownFileType = sourcecode.c.objc; path = "UIImage+SLImage.m"; sourceTree = "<group>"; };
		CD3228791CD715D3003888FE /* PlaceholderTextView.h */ = {isa = PBXFileReference; fileEncoding = 4; lastKnownFileType = sourcecode.c.h; path = PlaceholderTextView.h; sourceTree = "<group>"; };
		CD32287A1CD715D3003888FE /* PlaceholderTextView.m */ = {isa = PBXFileReference; fileEncoding = 4; lastKnownFileType = sourcecode.c.objc; path = PlaceholderTextView.m; sourceTree = "<group>"; };
/* End PBXFileReference section */

/* Begin PBXFrameworksBuildPhase section */
		CD32280C1CD7148B003888FE /* Frameworks */ = {
			isa = PBXFrameworksBuildPhase;
			buildActionMask = 2147483647;
			files = (
			);
			runOnlyForDeploymentPostprocessing = 0;
		};
		CD3228251CD7148B003888FE /* Frameworks */ = {
			isa = PBXFrameworksBuildPhase;
			buildActionMask = 2147483647;
			files = (
			);
			runOnlyForDeploymentPostprocessing = 0;
		};
		CD3228301CD7148B003888FE /* Frameworks */ = {
			isa = PBXFrameworksBuildPhase;
			buildActionMask = 2147483647;
			files = (
			);
			runOnlyForDeploymentPostprocessing = 0;
		};
/* End PBXFrameworksBuildPhase section */

/* Begin PBXGroup section */
		CD3228061CD7148B003888FE = {
			isa = PBXGroup;
			children = (
				CD3228111CD7148B003888FE /* 编辑文章 */,
				CD32282B1CD7148B003888FE /* 编辑文章Tests */,
				CD3228361CD7148B003888FE /* 编辑文章UITests */,
				CD3228101CD7148B003888FE /* Products */,
			);
			sourceTree = "<group>";
		};
		CD3228101CD7148B003888FE /* Products */ = {
			isa = PBXGroup;
			children = (
				CD32280F1CD7148B003888FE /* 编辑文章.app */,
				CD3228281CD7148B003888FE /* 编辑文章Tests.xctest */,
				CD3228331CD7148B003888FE /* 编辑文章UITests.xctest */,
			);
			name = Products;
			sourceTree = "<group>";
		};
		CD3228111CD7148B003888FE /* 编辑文章 */ = {
			isa = PBXGroup;
			children = (
				CD3228151CD7148B003888FE /* AppDelegate.h */,
				CD3228161CD7148B003888FE /* AppDelegate.m */,
				CD3228181CD7148B003888FE /* ViewController.h */,
				CD3228191CD7148B003888FE /* ViewController.m */,
				CD3228731CD71557003888FE /* PublickViewController.h */,
				CD3228741CD71557003888FE /* PublickViewController.m */,
				CD3228791CD715D3003888FE /* PlaceholderTextView.h */,
				CD32287A1CD715D3003888FE /* PlaceholderTextView.m */,
				CD3228451CD714C9003888FE /* RichVC */,
				CD32281B1CD7148B003888FE /* Main.storyboard */,
				CD32281E1CD7148B003888FE /* Assets.xcassets */,
				CD3228201CD7148B003888FE /* LaunchScreen.storyboard */,
				CD3228231CD7148B003888FE /* Info.plist */,
				CD3228121CD7148B003888FE /* Supporting Files */,
			);
			path = "编辑文章";
			sourceTree = "<group>";
		};
		CD3228121CD7148B003888FE /* Supporting Files */ = {
			isa = PBXGroup;
			children = (
				CD3228131CD7148B003888FE /* main.m */,
			);
			name = "Supporting Files";
			sourceTree = "<group>";
		};
		CD32282B1CD7148B003888FE /* 编辑文章Tests */ = {
			isa = PBXGroup;
			children = (
				CD32282C1CD7148B003888FE /* ____Tests.m */,
				CD32282E1CD7148B003888FE /* Info.plist */,
			);
			path = "编辑文章Tests";
			sourceTree = "<group>";
		};
		CD3228361CD7148B003888FE /* 编辑文章UITests */ = {
			isa = PBXGroup;
			children = (
				CD3228371CD7148B003888FE /* ____UITests.m */,
				CD3228391CD7148B003888FE /* Info.plist */,
			);
			path = "编辑文章UITests";
			sourceTree = "<group>";
		};
		CD3228451CD714C9003888FE /* RichVC */ = {
			isa = PBXGroup;
			children = (
				CD3228761CD715B6003888FE /* UIImage+SLImage.h */,
				CD3228771CD715B6003888FE /* UIImage+SLImage.m */,
				CD3228461CD714C9003888FE /* AlertController */,
				CD3228601CD714C9003888FE /* RichVCUtil */,
			);
			path = RichVC;
			sourceTree = "<group>";
		};
		CD3228461CD714C9003888FE /* AlertController */ = {
			isa = PBXGroup;
			children = (
				CD3228471CD714C9003888FE /* Blur Effects */,
				CD32284C1CD714C9003888FE /* TYAlertController */,
			);
			path = AlertController;
			sourceTree = "<group>";
		};
		CD3228471CD714C9003888FE /* Blur Effects */ = {
			isa = PBXGroup;
			children = (
				CD3228481CD714C9003888FE /* TYAlertController+BlurEffects.h */,
				CD3228491CD714C9003888FE /* TYAlertController+BlurEffects.m */,
				CD32284A1CD714C9003888FE /* UIImage+ImageEffects.h */,
				CD32284B1CD714C9003888FE /* UIImage+ImageEffects.m */,
			);
			path = "Blur Effects";
			sourceTree = "<group>";
		};
		CD32284C1CD714C9003888FE /* TYAlertController */ = {
			isa = PBXGroup;
			children = (
				CD32284D1CD714C9003888FE /* TYAlertController+TransitionAnimate.m */,
				CD32284E1CD714C9003888FE /* TYAlertController.h */,
				CD32284F1CD714C9003888FE /* TYAlertController.m */,
				CD3228501CD714C9003888FE /* TYAlertDropDownAnimation.h */,
				CD3228511CD714C9003888FE /* TYAlertDropDownAnimation.m */,
				CD3228521CD714C9003888FE /* TYAlertFadeAnimation.h */,
				CD3228531CD714C9003888FE /* TYAlertFadeAnimation.m */,
				CD3228541CD714C9003888FE /* TYAlertScaleFadeAnimation.h */,
				CD3228551CD714C9003888FE /* TYAlertScaleFadeAnimation.m */,
				CD3228561CD714C9003888FE /* TYAlertView.h */,
				CD3228571CD714C9003888FE /* TYAlertView.m */,
				CD3228581CD714C9003888FE /* TYBaseAnimation.h */,
				CD3228591CD714C9003888FE /* TYBaseAnimation.m */,
				CD32285A1CD714C9003888FE /* TYShowAlertView.h */,
				CD32285B1CD714C9003888FE /* TYShowAlertView.m */,
				CD32285C1CD714C9003888FE /* UIView+TYAlertView.h */,
				CD32285D1CD714C9003888FE /* UIView+TYAlertView.m */,
				CD32285E1CD714C9003888FE /* UIView+TYAutoLayout.h */,
				CD32285F1CD714C9003888FE /* UIView+TYAutoLayout.m */,
			);
			path = TYAlertController;
			sourceTree = "<group>";
		};
		CD3228601CD714C9003888FE /* RichVCUtil */ = {
			isa = PBXGroup;
			children = (
				CD3228611CD714C9003888FE /* ImageTextAttachment.h */,
				CD3228621CD714C9003888FE /* ImageTextAttachment.m */,
				CD3228631CD714C9003888FE /* NSAttributedString+RichText.h */,
				CD3228641CD714C9003888FE /* NSAttributedString+RichText.m */,
			);
			path = RichVCUtil;
			sourceTree = "<group>";
		};
/* End PBXGroup section */

/* Begin PBXNativeTarget section */
		CD32280E1CD7148B003888FE /* 编辑文章 */ = {
			isa = PBXNativeTarget;
			buildConfigurationList = CD32283C1CD7148B003888FE /* Build configuration list for PBXNativeTarget "编辑文章" */;
			buildPhases = (
				CD32280B1CD7148B003888FE /* Sources */,
				CD32280C1CD7148B003888FE /* Frameworks */,
				CD32280D1CD7148B003888FE /* Resources */,
			);
			buildRules = (
			);
			dependencies = (
			);
			name = "编辑文章";
			productName = "编辑文章";
			productReference = CD32280F1CD7148B003888FE /* 编辑文章.app */;
			productType = "com.apple.product-type.application";
		};
		CD3228271CD7148B003888FE /* 编辑文章Tests */ = {
			isa = PBXNativeTarget;
			buildConfigurationList = CD32283F1CD7148B003888FE /* Build configuration list for PBXNativeTarget "编辑文章Tests" */;
			buildPhases = (
				CD3228241CD7148B003888FE /* Sources */,
				CD3228251CD7148B003888FE /* Frameworks */,
				CD3228261CD7148B003888FE /* Resources */,
			);
			buildRules = (
			);
			dependencies = (
				CD32282A1CD7148B003888FE /* PBXTargetDependency */,
			);
			name = "编辑文章Tests";
			productName = "编辑文章Tests";
			productReference = CD3228281CD7148B003888FE /* 编辑文章Tests.xctest */;
			productType = "com.apple.product-type.bundle.unit-test";
		};
		CD3228321CD7148B003888FE /* 编辑文章UITests */ = {
			isa = PBXNativeTarget;
			buildConfigurationList = CD3228421CD7148B003888FE /* Build configuration list for PBXNativeTarget "编辑文章UITests" */;
			buildPhases = (
				CD32282F1CD7148B003888FE /* Sources */,
				CD3228301CD7148B003888FE /* Frameworks */,
				CD3228311CD7148B003888FE /* Resources */,
			);
			buildRules = (
			);
			dependencies = (
				CD3228351CD7148B003888FE /* PBXTargetDependency */,
			);
			name = "编辑文章UITests";
			productName = "编辑文章UITests";
			productReference = CD3228331CD7148B003888FE /* 编辑文章UITests.xctest */;
			productType = "com.apple.product-type.bundle.ui-testing";
		};
/* End PBXNativeTarget section */

/* Begin PBXProject section */
		CD3228071CD7148B003888FE /* Project object */ = {
			isa = PBXProject;
			attributes = {
				LastUpgradeCheck = 0730;
				ORGANIZATIONNAME = "愚非愚余";
				TargetAttributes = {
					CD32280E1CD7148B003888FE = {
						CreatedOnToolsVersion = 7.3;
					};
					CD3228271CD7148B003888FE = {
						CreatedOnToolsVersion = 7.3;
						TestTargetID = CD32280E1CD7148B003888FE;
					};
					CD3228321CD7148B003888FE = {
						CreatedOnToolsVersion = 7.3;
						TestTargetID = CD32280E1CD7148B003888FE;
					};
				};
			};
			buildConfigurationList = CD32280A1CD7148B003888FE /* Build configuration list for PBXProject "编辑文章" */;
			compatibilityVersion = "Xcode 3.2";
			developmentRegion = English;
			hasScannedForEncodings = 0;
			knownRegions = (
				en,
				Base,
			);
			mainGroup = CD3228061CD7148B003888FE;
			productRefGroup = CD3228101CD7148B003888FE /* Products */;
			projectDirPath = "";
			projectRoot = "";
			targets = (
				CD32280E1CD7148B003888FE /* 编辑文章 */,
				CD3228271CD7148B003888FE /* 编辑文章Tests */,
				CD3228321CD7148B003888FE /* 编辑文章UITests */,
			);
		};
/* End PBXProject section */

/* Begin PBXResourcesBuildPhase section */
		CD32280D1CD7148B003888FE /* Resources */ = {
			isa = PBXResourcesBuildPhase;
			buildActionMask = 2147483647;
			files = (
				CD3228221CD7148B003888FE /* LaunchScreen.storyboard in Resources */,
				CD32281F1CD7148B003888FE /* Assets.xcassets in Resources */,
				CD32281D1CD7148B003888FE /* Main.storyboard in Resources */,
			);
			runOnlyForDeploymentPostprocessing = 0;
		};
		CD3228261CD7148B003888FE /* Resources */ = {
			isa = PBXResourcesBuildPhase;
			buildActionMask = 2147483647;
			files = (
			);
			runOnlyForDeploymentPostprocessing = 0;
		};
		CD3228311CD7148B003888FE /* Resources */ = {
			isa = PBXResourcesBuildPhase;
			buildActionMask = 2147483647;
			files = (
			);
			runOnlyForDeploymentPostprocessing = 0;
		};
/* End PBXResourcesBuildPhase section */

/* Begin PBXSourcesBuildPhase section */
		CD32280B1CD7148B003888FE /* Sources */ = {
			isa = PBXSourcesBuildPhase;
			buildActionMask = 2147483647;
			files = (
				CD32286E1CD714C9003888FE /* TYShowAlertView.m in Sources */,
				CD3228711CD714C9003888FE /* ImageTextAttachment.m in Sources */,
				CD32286D1CD714C9003888FE /* TYBaseAnimation.m in Sources */,
				CD32281A1CD7148B003888FE /* ViewController.m in Sources */,
				CD3228661CD714C9003888FE /* UIImage+ImageEffects.m in Sources */,
				CD32286C1CD714C9003888FE /* TYAlertView.m in Sources */,
				CD3228671CD714C9003888FE /* TYAlertController+TransitionAnimate.m in Sources */,
				CD32287B1CD715D3003888FE /* PlaceholderTextView.m in Sources */,
				CD3228751CD71557003888FE /* PublickViewController.m in Sources */,
				CD3228681CD714C9003888FE /* TYAlertController.m in Sources */,
				CD3228171CD7148B003888FE /* AppDelegate.m in Sources */,
				CD3228141CD7148B003888FE /* main.m in Sources */,
				CD3228781CD715B6003888FE /* UIImage+SLImage.m in Sources */,
				CD3228651CD714C9003888FE /* TYAlertController+BlurEffects.m in Sources */,
				CD3228691CD714C9003888FE /* TYAlertDropDownAnimation.m in Sources */,
				CD3228701CD714C9003888FE /* UIView+TYAutoLayout.m in Sources */,
				CD32286F1CD714C9003888FE /* UIView+TYAlertView.m in Sources */,
				CD3228721CD714C9003888FE /* NSAttributedString+RichText.m in Sources */,
				CD32286A1CD714C9003888FE /* TYAlertFadeAnimation.m in Sources */,
				CD32286B1CD714C9003888FE /* TYAlertScaleFadeAnimation.m in Sources */,
			);
			runOnlyForDeploymentPostprocessing = 0;
		};
		CD3228241CD7148B003888FE /* Sources */ = {
			isa = PBXSourcesBuildPhase;
			buildActionMask = 2147483647;
			files = (
				CD32282D1CD7148B003888FE /* ____Tests.m in Sources */,
			);
			runOnlyForDeploymentPostprocessing = 0;
		};
		CD32282F1CD7148B003888FE /* Sources */ = {
			isa = PBXSourcesBuildPhase;
			buildActionMask = 2147483647;
			files = (
				CD3228381CD7148B003888FE /* ____UITests.m in Sources */,
			);
			runOnlyForDeploymentPostprocessing = 0;
		};
/* End PBXSourcesBuildPhase section */

/* Begin PBXTargetDependency section */
		CD32282A1CD7148B003888FE /* PBXTargetDependency */ = {
			isa = PBXTargetDependency;
			target = CD32280E1CD7148B003888FE /* 编辑文章 */;
			targetProxy = CD3228291CD7148B003888FE /* PBXContainerItemProxy */;
		};
		CD3228351CD7148B003888FE /* PBXTargetDependency */ = {
			isa = PBXTargetDependency;
			target = CD32280E1CD7148B003888FE /* 编辑文章 */;
			targetProxy = CD3228341CD7148B003888FE /* PBXContainerItemProxy */;
		};
/* End PBXTargetDependency section */

/* Begin PBXVariantGroup section */
		CD32281B1CD7148B003888FE /* Main.storyboard */ = {
			isa = PBXVariantGroup;
			children = (
				CD32281C1CD7148B003888FE /* Base */,
			);
			name = Main.storyboard;
			sourceTree = "<group>";
		};
		CD3228201CD7148B003888FE /* LaunchScreen.storyboard */ = {
			isa = PBXVariantGroup;
			children = (
				CD3228211CD7148B003888FE /* Base */,
			);
			name = LaunchScreen.storyboard;
			sourceTree = "<group>";
		};
/* End PBXVariantGroup section */

/* Begin XCBuildConfiguration section */
		CD32283A1CD7148B003888FE /* Debug */ = {
			isa = XCBuildConfiguration;
			buildSettings = {
				ALWAYS_SEARCH_USER_PATHS = NO;
				CLANG_ANALYZER_NONNULL = YES;
				CLANG_CXX_LANGUAGE_STANDARD = "gnu++0x";
				CLANG_CXX_LIBRARY = "libc++";
				CLANG_ENABLE_MODULES = YES;
				CLANG_ENABLE_OBJC_ARC = YES;
				CLANG_WARN_BOOL_CONVERSION = YES;
				CLANG_WARN_CONSTANT_CONVERSION = YES;
				CLANG_WARN_DIRECT_OBJC_ISA_USAGE = YES_ERROR;
				CLANG_WARN_EMPTY_BODY = YES;
				CLANG_WARN_ENUM_CONVERSION = YES;
				CLANG_WARN_INT_CONVERSION = YES;
				CLANG_WARN_OBJC_ROOT_CLASS = YES_ERROR;
				CLANG_WARN_UNREACHABLE_CODE = YES;
				CLANG_WARN__DUPLICATE_METHOD_MATCH = YES;
				"CODE_SIGN_IDENTITY[sdk=iphoneos*]" = "iPhone Developer";
				COPY_PHASE_STRIP = NO;
				DEBUG_INFORMATION_FORMAT = dwarf;
				ENABLE_STRICT_OBJC_MSGSEND = YES;
				ENABLE_TESTABILITY = YES;
				GCC_C_LANGUAGE_STANDARD = gnu99;
				GCC_DYNAMIC_NO_PIC = NO;
				GCC_NO_COMMON_BLOCKS = YES;
				GCC_OPTIMIZATION_LEVEL = 0;
				GCC_PREPROCESSOR_DEFINITIONS = (
					"DEBUG=1",
					"$(inherited)",
				);
				GCC_WARN_64_TO_32_BIT_CONVERSION = YES;
				GCC_WARN_ABOUT_RETURN_TYPE = YES_ERROR;
				GCC_WARN_UNDECLARED_SELECTOR = YES;
				GCC_WARN_UNINITIALIZED_AUTOS = YES_AGGRESSIVE;
				GCC_WARN_UNUSED_FUNCTION = YES;
				GCC_WARN_UNUSED_VARIABLE = YES;
				IPHONEOS_DEPLOYMENT_TARGET = 9.3;
				MTL_ENABLE_DEBUG_INFO = YES;
				ONLY_ACTIVE_ARCH = YES;
				SDKROOT = iphoneos;
				TARGETED_DEVICE_FAMILY = "1,2";
			};
			name = Debug;
		};
		CD32283B1CD7148B003888FE /* Release */ = {
			isa = XCBuildConfiguration;
			buildSettings = {
				ALWAYS_SEARCH_USER_PATHS = NO;
				CLANG_ANALYZER_NONNULL = YES;
				CLANG_CXX_LANGUAGE_STANDARD = "gnu++0x";
				CLANG_CXX_LIBRARY = "libc++";
				CLANG_ENABLE_MODULES = YES;
				CLANG_ENABLE_OBJC_ARC = YES;
				CLANG_WARN_BOOL_CONVERSION = YES;
				CLANG_WARN_CONSTANT_CONVERSION = YES;
				CLANG_WARN_DIRECT_OBJC_ISA_USAGE = YES_ERROR;
				CLANG_WARN_EMPTY_BODY = YES;
				CLANG_WARN_ENUM_CONVERSION = YES;
				CLANG_WARN_INT_CONVERSION = YES;
				CLANG_WARN_OBJC_ROOT_CLASS = YES_ERROR;
				CLANG_WARN_UNREACHABLE_CODE = YES;
				CLANG_WARN__DUPLICATE_METHOD_MATCH = YES;
				"CODE_SIGN_IDENTITY[sdk=iphoneos*]" = "iPhone Developer";
				COPY_PHASE_STRIP = NO;
				DEBUG_INFORMATION_FORMAT = "dwarf-with-dsym";
				ENABLE_NS_ASSERTIONS = NO;
				ENABLE_STRICT_OBJC_MSGSEND = YES;
				GCC_C_LANGUAGE_STANDARD = gnu99;
				GCC_NO_COMMON_BLOCKS = YES;
				GCC_WARN_64_TO_32_BIT_CONVERSION = YES;
				GCC_WARN_ABOUT_RETURN_TYPE = YES_ERROR;
				GCC_WARN_UNDECLARED_SELECTOR = YES;
				GCC_WARN_UNINITIALIZED_AUTOS = YES_AGGRESSIVE;
				GCC_WARN_UNUSED_FUNCTION = YES;
				GCC_WARN_UNUSED_VARIABLE = YES;
				IPHONEOS_DEPLOYMENT_TARGET = 9.3;
				MTL_ENABLE_DEBUG_INFO = NO;
				SDKROOT = iphoneos;
				TARGETED_DEVICE_FAMILY = "1,2";
				VALIDATE_PRODUCT = YES;
			};
			name = Release;
		};
		CD32283D1CD7148B003888FE /* Debug */ = {
			isa = XCBuildConfiguration;
			buildSettings = {
				ASSETCATALOG_COMPILER_APPICON_NAME = AppIcon;
				INFOPLIST_FILE = "编辑文章/Info.plist";
				LD_RUNPATH_SEARCH_PATHS = "$(inherited) @executable_path/Frameworks";
				PRODUCT_BUNDLE_IDENTIFIER = "ZQT.----";
				PRODUCT_NAME = "$(TARGET_NAME)";
			};
			name = Debug;
		};
		CD32283E1CD7148B003888FE /* Release */ = {
			isa = XCBuildConfiguration;
			buildSettings = {
				ASSETCATALOG_COMPILER_APPICON_NAME = AppIcon;
				INFOPLIST_FILE = "编辑文章/Info.plist";
				LD_RUNPATH_SEARCH_PATHS = "$(inherited) @executable_path/Frameworks";
				PRODUCT_BUNDLE_IDENTIFIER = "ZQT.----";
				PRODUCT_NAME = "$(TARGET_NAME)";
			};
			name = Release;
		};
		CD3228401CD7148B003888FE /* Debug */ = {
			isa = XCBuildConfiguration;
			buildSettings = {
				BUNDLE_LOADER = "$(TEST_HOST)";
				INFOPLIST_FILE = "编辑文章Tests/Info.plist";
				LD_RUNPATH_SEARCH_PATHS = "$(inherited) @executable_path/Frameworks @loader_path/Frameworks";
				PRODUCT_BUNDLE_IDENTIFIER = "ZQT.----Tests";
				PRODUCT_NAME = "$(TARGET_NAME)";
				TEST_HOST = "$(BUILT_PRODUCTS_DIR)/编辑文章.app/编辑文章";
			};
			name = Debug;
		};
		CD3228411CD7148B003888FE /* Release */ = {
			isa = XCBuildConfiguration;
			buildSettings = {
				BUNDLE_LOADER = "$(TEST_HOST)";
				INFOPLIST_FILE = "编辑文章Tests/Info.plist";
				LD_RUNPATH_SEARCH_PATHS = "$(inherited) @executable_path/Frameworks @loader_path/Frameworks";
				PRODUCT_BUNDLE_IDENTIFIER = "ZQT.----Tests";
				PRODUCT_NAME = "$(TARGET_NAME)";
				TEST_HOST = "$(BUILT_PRODUCTS_DIR)/编辑文章.app/编辑文章";
			};
			name = Release;
		};
		CD3228431CD7148B003888FE /* Debug */ = {
			isa = XCBuildConfiguration;
			buildSettings = {
				INFOPLIST_FILE = "编辑文章UITests/Info.plist";
				LD_RUNPATH_SEARCH_PATHS = "$(inherited) @executable_path/Frameworks @loader_path/Frameworks";
				PRODUCT_BUNDLE_IDENTIFIER = "ZQT.----UITests";
				PRODUCT_NAME = "$(TARGET_NAME)";
				TEST_TARGET_NAME = "编辑文章";
			};
			name = Debug;
		};
		CD3228441CD7148B003888FE /* Release */ = {
			isa = XCBuildConfiguration;
			buildSettings = {
				INFOPLIST_FILE = "编辑文章UITests/Info.plist";
				LD_RUNPATH_SEARCH_PATHS = "$(inherited) @executable_path/Frameworks @loader_path/Frameworks";
				PRODUCT_BUNDLE_IDENTIFIER = "ZQT.----UITests";
				PRODUCT_NAME = "$(TARGET_NAME)";
				TEST_TARGET_NAME = "编辑文章";
			};
			name = Release;
		};
/* End XCBuildConfiguration section */

/* Begin XCConfigurationList section */
		CD32280A1CD7148B003888FE /* Build configuration list for PBXProject "编辑文章" */ = {
			isa = XCConfigurationList;
			buildConfigurations = (
				CD32283A1CD7148B003888FE /* Debug */,
				CD32283B1CD7148B003888FE /* Release */,
			);
			defaultConfigurationIsVisible = 0;
			defaultConfigurationName = Release;
		};
		CD32283C1CD7148B003888FE /* Build configuration list for PBXNativeTarget "编辑文章" */ = {
			isa = XCConfigurationList;
			buildConfigurations = (
				CD32283D1CD7148B003888FE /* Debug */,
				CD32283E1CD7148B003888FE /* Release */,
			);
			defaultConfigurationIsVisible = 0;
		};
		CD32283F1CD7148B003888FE /* Build configuration list for PBXNativeTarget "编辑文章Tests" */ = {
			isa = XCConfigurationList;
			buildConfigurations = (
				CD3228401CD7148B003888FE /* Debug */,
				CD3228411CD7148B003888FE /* Release */,
			);
			defaultConfigurationIsVisible = 0;
		};
		CD3228421CD7148B003888FE /* Build configuration list for PBXNativeTarget "编辑文章UITests" */ = {
			isa = XCConfigurationList;
			buildConfigurations = (
				CD3228431CD7148B003888FE /* Debug */,
				CD3228441CD7148B003888FE /* Release */,
			);
			defaultConfigurationIsVisible = 0;
		};
/* End XCConfigurationList section */
	};
	rootObject = CD3228071CD7148B003888FE /* Project object */;
}
